
Microsoft Visual Studio Solution File, Format Version 12.00
# Visual Studio Version 16
VisualStudioVersion = 16.0.30204.135
MinimumVisualStudioVersion = 10.0.40219.1
Project("{FAE04EC0-301F-11D3-BF4B-00C04F79EFBC}") = "WindowsFormsApp3", "WindowsFormsApp3\WindowsFormsApp3.csproj", "{9FC4D876-27BC-45A2-8607-E3B87ADFB9A2}"
EndProject
Global
	GlobalSection(SolutionConfigurationPlatforms) = preSolution
		Debug|Any CPU = Debug|Any CPU
		Release|Any CPU = Release|Any CPU
	EndGlobalSection
	GlobalSection(ProjectConfigurationPlatforms) = postSolution
		{9FC4D876-27BC-45A2-8607-E3B87ADFB9A2}.Debug|Any CPU.ActiveCfg = Debug|Any CPU
		{9FC4D876-27BC-45A2-8607-E3B87ADFB9A2}.Debug|Any CPU.Build.0 = Debug|Any CPU
		{9FC4D876-27BC-45A2-8607-E3B87ADFB9A2}.Release|Any CPU.ActiveCfg = Release|Any CPU
		{9FC4D876-27BC-45A2-8607-E3B87ADFB9A2}.Release|Any CPU.Build.0 = Release|Any CPU
	EndGlobalSection
	GlobalSection(SolutionProperties) = preSolution
		HideSolutionNode = FALSE
	EndGlobalSection
	GlobalSection(ExtensibilityGlobals) = postSolution
		SolutionGuid = {12BB4EC8-FC56-48B8-A832-DA0F1728D9D3}
	EndGlobalSection
EndGlobal
