
Microsoft Visual Studio Solution File, Format Version 12.00
# Visual Studio Version 16
VisualStudioVersion = 16.0.30204.135
MinimumVisualStudioVersion = 10.0.40219.1
Project("{FAE04EC0-301F-11D3-BF4B-00C04F79EFBC}") = "homework1_1", "homework1_1\homework1_1.csproj", "{BBBB1983-4B12-4933-83C0-6329902C37DD}"
EndProject
Global
	GlobalSection(SolutionConfigurationPlatforms) = preSolution
		Debug|Any CPU = Debug|Any CPU
		Release|Any CPU = Release|Any CPU
	EndGlobalSection
	GlobalSection(ProjectConfigurationPlatforms) = postSolution
		{BBBB1983-4B12-4933-83C0-6329902C37DD}.Debug|Any CPU.ActiveCfg = Debug|Any CPU
		{BBBB1983-4B12-4933-83C0-6329902C37DD}.Debug|Any CPU.Build.0 = Debug|Any CPU
		{BBBB1983-4B12-4933-83C0-6329902C37DD}.Release|Any CPU.ActiveCfg = Release|Any CPU
		{BBBB1983-4B12-4933-83C0-6329902C37DD}.Release|Any CPU.Build.0 = Release|Any CPU
	EndGlobalSection
	GlobalSection(SolutionProperties) = preSolution
		HideSolutionNode = FALSE
	EndGlobalSection
	GlobalSection(ExtensibilityGlobals) = postSolution
		SolutionGuid = {8C4963C8-46C0-49E2-A53F-74530E9FE2C0}
	EndGlobalSection
EndGlobal
