
Microsoft Visual Studio Solution File, Format Version 12.00
# Visual Studio Version 16
VisualStudioVersion = 16.0.30204.135
MinimumVisualStudioVersion = 10.0.40219.1
Project("{FAE04EC0-301F-11D3-BF4B-00C04F79EFBC}") = "WindowsFormsApp1", "WindowsFormsApp1\WindowsFormsApp1.csproj", "{5C6A0FBC-586D-4F36-9C28-A334F3F449C0}"
EndProject
Project("{FAE04EC0-301F-11D3-BF4B-00C04F79EFBC}") = "WindowsFormsApp2", "WindowsFormsApp2\WindowsFormsApp2.csproj", "{732A2E4C-4486-4F18-A9F4-2C9655A55695}"
EndProject
Global
	GlobalSection(SolutionConfigurationPlatforms) = preSolution
		Debug|Any CPU = Debug|Any CPU
		Release|Any CPU = Release|Any CPU
	EndGlobalSection
	GlobalSection(ProjectConfigurationPlatforms) = postSolution
		{5C6A0FBC-586D-4F36-9C28-A334F3F449C0}.Debug|Any CPU.ActiveCfg = Debug|Any CPU
		{5C6A0FBC-586D-4F36-9C28-A334F3F449C0}.Debug|Any CPU.Build.0 = Debug|Any CPU
		{5C6A0FBC-586D-4F36-9C28-A334F3F449C0}.Release|Any CPU.ActiveCfg = Release|Any CPU
		{5C6A0FBC-586D-4F36-9C28-A334F3F449C0}.Release|Any CPU.Build.0 = Release|Any CPU
		{732A2E4C-4486-4F18-A9F4-2C9655A55695}.Debug|Any CPU.ActiveCfg = Debug|Any CPU
		{732A2E4C-4486-4F18-A9F4-2C9655A55695}.Debug|Any CPU.Build.0 = Debug|Any CPU
		{732A2E4C-4486-4F18-A9F4-2C9655A55695}.Release|Any CPU.ActiveCfg = Release|Any CPU
		{732A2E4C-4486-4F18-A9F4-2C9655A55695}.Release|Any CPU.Build.0 = Release|Any CPU
	EndGlobalSection
	GlobalSection(SolutionProperties) = preSolution
		HideSolutionNode = FALSE
	EndGlobalSection
	GlobalSection(ExtensibilityGlobals) = postSolution
		SolutionGuid = {E4D120A2-D7C8-4894-97D8-DDD02893AB27}
	EndGlobalSection
EndGlobal
