
Microsoft Visual Studio Solution File, Format Version 12.00
# Visual Studio Version 16
VisualStudioVersion = 16.0.30204.135
MinimumVisualStudioVersion = 10.0.40219.1
Project("{FAE04EC0-301F-11D3-BF4B-00C04F79EFBC}") = "task1", "task1\task1.csproj", "{D26CFC74-BC52-4123-ABFE-A4D1D78A4869}"
EndProject
Global
	GlobalSection(SolutionConfigurationPlatforms) = preSolution
		Debug|Any CPU = Debug|Any CPU
		Release|Any CPU = Release|Any CPU
	EndGlobalSection
	GlobalSection(ProjectConfigurationPlatforms) = postSolution
		{D26CFC74-BC52-4123-ABFE-A4D1D78A4869}.Debug|Any CPU.ActiveCfg = Debug|Any CPU
		{D26CFC74-BC52-4123-ABFE-A4D1D78A4869}.Debug|Any CPU.Build.0 = Debug|Any CPU
		{D26CFC74-BC52-4123-ABFE-A4D1D78A4869}.Release|Any CPU.ActiveCfg = Release|Any CPU
		{D26CFC74-BC52-4123-ABFE-A4D1D78A4869}.Release|Any CPU.Build.0 = Release|Any CPU
	EndGlobalSection
	GlobalSection(SolutionProperties) = preSolution
		HideSolutionNode = FALSE
	EndGlobalSection
	GlobalSection(ExtensibilityGlobals) = postSolution
		SolutionGuid = {403993FC-8E00-4E5F-A553-224F1AFD1285}
	EndGlobalSection
EndGlobal
